# This file is automatically @generated by Cargo.
# It is not intended for manual editing.
version = 4

[[package]]
name = "aitanti-agent-cli"
version = "0.1.0"
dependencies = [
 "aitanti-protocol",
]

[[package]]
name = "aitanti-mock-server"
version = "0.1.0"
dependencies = [
 "aitanti-protocol",
]

[[package]]
name = "aitanti-protocol"
version = "0.1.0"

[[package]]
name = "aitanti-vault"
version = "0.1.0"
